
Microsoft Visual Studio Solution File, Format Version 12.00
# Visual Studio 15
VisualStudioVersion = 15.0.27428.2002
MinimumVisualStudioVersion = 10.0.40219.1
Project("{FAE04EC0-301F-11D3-BF4B-00C04F79EFBC}") = "VvsPeriod", "VvsPeriod\VvsPeriod.csproj", "{D31D0A5E-5AD0-429C-A839-1DDFA7F1A5F7}"
EndProject
Project("{FAE04EC0-301F-11D3-BF4B-00C04F79EFBC}") = "PeriodProcessor", "..\PeriodProcessor\PeriodProcessor.csproj", "{3582139C-70D2-4E55-8B39-75276E2713BC}"
EndProject
Global
	GlobalSection(SolutionConfigurationPlatforms) = preSolution
		Debug|Any CPU = Debug|Any CPU
		Release|Any CPU = Release|Any CPU
	EndGlobalSection
	GlobalSection(ProjectConfigurationPlatforms) = postSolution
		{D31D0A5E-5AD0-429C-A839-1DDFA7F1A5F7}.Debug|Any CPU.ActiveCfg = Debug|Any CPU
		{D31D0A5E-5AD0-429C-A839-1DDFA7F1A5F7}.Debug|Any CPU.Build.0 = Debug|Any CPU
		{D31D0A5E-5AD0-429C-A839-1DDFA7F1A5F7}.Release|Any CPU.ActiveCfg = Release|Any CPU
		{D31D0A5E-5AD0-429C-A839-1DDFA7F1A5F7}.Release|Any CPU.Build.0 = Release|Any CPU
		{3582139C-70D2-4E55-8B39-75276E2713BC}.Debug|Any CPU.ActiveCfg = Debug|Any CPU
		{3582139C-70D2-4E55-8B39-75276E2713BC}.Debug|Any CPU.Build.0 = Debug|Any CPU
		{3582139C-70D2-4E55-8B39-75276E2713BC}.Release|Any CPU.ActiveCfg = Release|Any CPU
		{3582139C-70D2-4E55-8B39-75276E2713BC}.Release|Any CPU.Build.0 = Release|Any CPU
	EndGlobalSection
	GlobalSection(SolutionProperties) = preSolution
		HideSolutionNode = FALSE
	EndGlobalSection
	GlobalSection(ExtensibilityGlobals) = postSolution
		SolutionGuid = {EBEF6686-907A-44D9-B698-AE9F20DD5041}
	EndGlobalSection
EndGlobal
